
Microsoft Visual Studio Solution File, Format Version 12.00
# Visual Studio Version 17
VisualStudioVersion = 17.1.32407.343
MinimumVisualStudioVersion = 10.0.40219.1
Project("{FAE04EC0-301F-11D3-BF4B-00C04F79EFBC}") = "TC_Operators_Exercise", "TC_Operators_Exercise\TC_Operators_Exercise.csproj", "{0E679CA2-516E-429A-B9BA-0CEB21DE54DC}"
EndProject
Global
	GlobalSection(SolutionConfigurationPlatforms) = preSolution
		Debug|Any CPU = Debug|Any CPU
		Release|Any CPU = Release|Any CPU
	EndGlobalSection
	GlobalSection(ProjectConfigurationPlatforms) = postSolution
		{0E679CA2-516E-429A-B9BA-0CEB21DE54DC}.Debug|Any CPU.ActiveCfg = Debug|Any CPU
		{0E679CA2-516E-429A-B9BA-0CEB21DE54DC}.Debug|Any CPU.Build.0 = Debug|Any CPU
		{0E679CA2-516E-429A-B9BA-0CEB21DE54DC}.Release|Any CPU.ActiveCfg = Release|Any CPU
		{0E679CA2-516E-429A-B9BA-0CEB21DE54DC}.Release|Any CPU.Build.0 = Release|Any CPU
	EndGlobalSection
	GlobalSection(SolutionProperties) = preSolution
		HideSolutionNode = FALSE
	EndGlobalSection
	GlobalSection(ExtensibilityGlobals) = postSolution
		SolutionGuid = {D40B39CF-3E3E-46E7-A14B-BC341BBAEA7F}
	EndGlobalSection
EndGlobal
